hash: e2a9c981db0a1f90c9e57d221f2f2e89b9f66cd6a20fbea5a7e23f876d0e3fc6
updated: 2017-06-12T21:39:29.894498429+02:00
imports:
- name: cloud.google.com/go
  version: 57377bad3486b37af17b47230a61603794c798ae
  subpackages:
  - compute/metadata
  - datastore
  - iam
  - internal/atomiccache
  - internal/fields
  - internal/version
  - pubsub
  - pubsub/apiv1
- name: github.com/DataDog/datadog-go
  version: 4bf1c1105b95d4abdfec7f2added80203dce2482
  subpackages:
  - statsd
- name: github.com/didip/tollbooth
  version: de229036b78daed1a011b643519bde8d12f36411
  subpackages:
  - config
  - errors
  - libstring
- name: github.com/golang/protobuf
  version: 2bba0603135d7d7f5cb73b2125beeda19c09f4ef
  subpackages:
  - proto
  - protoc-gen-go/descriptor
  - ptypes
  - ptypes/any
  - ptypes/duration
  - ptypes/empty
  - ptypes/struct
  - ptypes/timestamp
  - ptypes/wrappers
- name: github.com/googleapis/gax-go
  version: 9af46dd5a1713e8b5cd71106287eba3cefdde50b
- name: github.com/iotaledger/iota.lib.go
  version: d2d6bb72d1c17e6a5f6e1e0b6862f4ff4f915b44
- name: github.com/julienschmidt/httprouter
  version: 6f3f3919c8781ce5c0509c83fffc887a7830c938
- name: github.com/oleiade/lane
  version: 28f7c3f09254f12b51e620fa4db136ba58804762
- name: github.com/rs/cors
  version: a62a804a8a009876ca59105f7899938a1349f4b3
- name: github.com/rs/xhandler
  version: ed27b6fd65218132ee50cd95f38474a3d8a2cd12
- name: github.com/satori/go.uuid
  version: 5bf94b69c6b68ee1b541973bb8e1144db23a194b
- name: github.com/urfave/negroni
  version: c0db5feaa33826cd5117930c8f4ee5c0f565eec6
- name: go.uber.org/atomic
  version: 4e336646b2ef9fc6e47be8e21594178f98e5ebcf
- name: go.uber.org/zap
  version: 1550bc05539134bbf8612a35f34a79ab8bf34ee3
  subpackages:
  - buffer
  - internal/bufferpool
  - internal/color
  - internal/exit
  - internal/multierror
  - zapcore
- name: golang.org/x/net
  version: 5602c733f70afc6dcec6766be0d5034d4c4f14de
  subpackages:
  - context
  - context/ctxhttp
  - http2
  - http2/hpack
  - idna
  - internal/timeseries
  - lex/httplex
  - trace
- name: golang.org/x/oauth2
  version: a6bd8cefa1811bd24b86f8902872e4e8225f74c4
  subpackages:
  - google
  - internal
  - jws
  - jwt
- name: golang.org/x/sync
  version: de49d9dcd27d4f764488181bea099dfe6179bcf0
  subpackages:
  - semaphore
- name: golang.org/x/text
  version: f4b4367115ec2de254587813edaa901bc1c723a8
  subpackages:
  - secure/bidirule
  - transform
  - unicode/bidi
  - unicode/norm
- name: golang.org/x/time
  version: f51c12702a4d776e4c1fa9b0fabab841babae631
  subpackages:
  - rate
- name: google.golang.org/api
  version: 0b0f5a5147930d092abd132cf09fafa23e8c3942
  subpackages:
  - googleapi/transport
  - internal
  - iterator
  - option
  - support/bundler
  - transport
- name: google.golang.org/appengine
  version: 170382fa85b10b94728989dfcf6cc818b335c952
  subpackages:
  - internal
  - internal/app_identity
  - internal/base
  - internal/datastore
  - internal/log
  - internal/modules
  - internal/remote_api
  - internal/socket
  - internal/urlfetch
  - socket
  - urlfetch
- name: google.golang.org/genproto
  version: 411e09b969b1170a9f0c467558eb4c4c110d9c77
  subpackages:
  - googleapis/api/annotations
  - googleapis/datastore/v1
  - googleapis/iam/v1
  - googleapis/pubsub/v1
  - googleapis/rpc/status
  - googleapis/type/latlng
  - protobuf/field_mask
- name: google.golang.org/grpc
  version: 6914ab1e338c92da4218a23d27fcd03d0ad78d46
  subpackages:
  - codes
  - credentials
  - credentials/oauth
  - grpclog
  - internal
  - keepalive
  - metadata
  - naming
  - peer
  - stats
  - status
  - tap
  - transport
- name: gopkg.in/mgo.v2
  version: 3f83fa5005286a7fe593b055f0d7771a7dce4655
  subpackages:
  - bson
  - internal/json
  - internal/sasl
  - internal/scram
testImports: []
